
Microsoft Visual Studio Solution File, Format Version 12.00
# Visual Studio Version 16
VisualStudioVersion = 16.0.30011.22
MinimumVisualStudioVersion = 10.0.40219.1
Project("{FAE04EC0-301F-11D3-BF4B-00C04F79EFBC}") = "Lab4_CSharp", "Lab4_CSharp\Lab4_CSharp.csproj", "{EB517399-38F5-4865-BE5D-9146CB399A85}"
EndProject
Global
	GlobalSection(SolutionConfigurationPlatforms) = preSolution
		Debug|Any CPU = Debug|Any CPU
		Release|Any CPU = Release|Any CPU
	EndGlobalSection
	GlobalSection(ProjectConfigurationPlatforms) = postSolution
		{EB517399-38F5-4865-BE5D-9146CB399A85}.Debug|Any CPU.ActiveCfg = Debug|Any CPU
		{EB517399-38F5-4865-BE5D-9146CB399A85}.Debug|Any CPU.Build.0 = Debug|Any CPU
		{EB517399-38F5-4865-BE5D-9146CB399A85}.Release|Any CPU.ActiveCfg = Release|Any CPU
		{EB517399-38F5-4865-BE5D-9146CB399A85}.Release|Any CPU.Build.0 = Release|Any CPU
	EndGlobalSection
	GlobalSection(SolutionProperties) = preSolution
		HideSolutionNode = FALSE
	EndGlobalSection
	GlobalSection(ExtensibilityGlobals) = postSolution
		SolutionGuid = {0C3D1E58-BED7-4C0E-A5F2-2EC04C61A044}
	EndGlobalSection
EndGlobal
